# This file is automatically @generated by Cargo.
# It is not intended for manual editing.
version = 4

[[package]]
name = "playground"
version = "0.1.0"
dependencies = [
 "sog-decoder",
]

[[package]]
name = "sog-decoder"
version = "0.1.0"

[[package]]
name = "sog-decoder-wasm"
version = "0.1.0"
dependencies = [
 "sog-decoder",
]
